
Microsoft Visual Studio Solution File, Format Version 12.00
# Visual Studio Version 17
VisualStudioVersion = 17.8.34408.163
MinimumVisualStudioVersion = 10.0.40219.1
Project("{FAE04EC0-301F-11D3-BF4B-00C04F79EFBC}") = "kiatalalos", "kiatalalos\kiatalalos.csproj", "{5F5C784F-CABC-40C0-86C3-FBAC4C7AC36E}"
EndProject
Global
	GlobalSection(SolutionConfigurationPlatforms) = preSolution
		Debug|Any CPU = Debug|Any CPU
		Release|Any CPU = Release|Any CPU
	EndGlobalSection
	GlobalSection(ProjectConfigurationPlatforms) = postSolution
		{5F5C784F-CABC-40C0-86C3-FBAC4C7AC36E}.Debug|Any CPU.ActiveCfg = Debug|Any CPU
		{5F5C784F-CABC-40C0-86C3-FBAC4C7AC36E}.Debug|Any CPU.Build.0 = Debug|Any CPU
		{5F5C784F-CABC-40C0-86C3-FBAC4C7AC36E}.Release|Any CPU.ActiveCfg = Release|Any CPU
		{5F5C784F-CABC-40C0-86C3-FBAC4C7AC36E}.Release|Any CPU.Build.0 = Release|Any CPU
	EndGlobalSection
	GlobalSection(SolutionProperties) = preSolution
		HideSolutionNode = FALSE
	EndGlobalSection
	GlobalSection(ExtensibilityGlobals) = postSolution
		SolutionGuid = {AABE6794-5F93-497A-811D-F5405D7E9256}
	EndGlobalSection
EndGlobal
